# This file is autogenerated, do not edit; changes may be undone by the next 'dep ensure'.


[[projects]]
  digest = "1:26e56bf1243a3675608f918a1574bf0005d5263b67b84a24a5fb0946ad7a75e3"
  name = "github.com/DATA-DOG/go-sqlmock"
  packages = ["."]
  pruneopts = "NUT"
  revision = "3f9954f6f6697845b082ca57995849ddf614f450"
  version = "v1.3.3"

[[projects]]
  digest = "1:34601dbd2a5e6a63bff7967f064bec33364d302ad7c81a1426582ab88e91fa31"
  name = "github.com/DATA-DOG/godog"
  packages = [
    ".",
    "colors",
    "gherkin",
  ]
  pruneopts = "NUT"
  revision = "8e7bc15e741c4f6c93c0fc2e797ed869cbc1b8f7"
  version = "v0.7.13"

[[projects]]
  digest = "1:3190030b21afe75ec38c911442bcafdfc21cd35a35747388fb3493dcf06d043e"
  name = "github.com/TV4/logrus-stackdriver-formatter"
  packages = ["."]
  pruneopts = "NUT"
  revision = "4580df31bae116b734c17ffd155492461d5facb6"
  version = "v0.1.0"

[[projects]]
  digest = "1:2a746ac221a2d4258461f15dccb8227b2f5923bdf6dcb563e5c8e296d31ba939"
  name = "github.com/bshuster-repo/logrus-logstash-hook"
  packages = ["."]
  pruneopts = "NUT"
  revision = "dbc1e22735aa6ed7bd9579a407c17bc7c4a4e046"
  version = "v0.4.1"

[[projects]]
  digest = "1:ffe9824d294da03b391f44e1ae8281281b4afc1bdaa9588c9097785e3af10cec"
  name = "github.com/davecgh/go-spew"
  packages = ["spew"]
  pruneopts = "NUT"
  revision = "8991bc29aa16c548c550c7ff78260e27b9ab7c73"
  version = "v1.1.1"

[[projects]]
  digest = "1:1b91ae0dc69a41d4c2ed23ea5cffb721ea63f5037ca4b81e6d6771fbb8f45129"
  name = "github.com/fsnotify/fsnotify"
  packages = ["."]
  pruneopts = "NUT"
  revision = "c2828203cd70a50dcccfb2761f8b1f8ceef9a8e9"
  version = "v1.4.7"

[[projects]]
  digest = "1:e314993806c7b43f0d7c0abaedde500aa4de3010407a62a282e30748bac8df0b"
  name = "github.com/go-chi/chi"
  packages = [
    ".",
    "middleware",
  ]
  pruneopts = "NUT"
  revision = "da24bba8dcd4021cafac38724bf10dccc97c3e36"
  version = "v4.0.2"

[[projects]]
  digest = "1:6982473e328c7049bdc425618872e37609d4bc58dc4198f4dcbe7cf64ca7b7f0"
  name = "github.com/go-chi/render"
  packages = ["."]
  pruneopts = "NUT"
  revision = "3215478343fbc559bd3fc08f7031bb134d6bdad5"
  version = "v1.0.1"

[[projects]]
  digest = "1:91358b3a314c1ddfd4d6445ca9c1fb846842c31c153e626730594b3c95f73f4a"
  name = "github.com/go-stack/stack"
  packages = ["."]
  pruneopts = "NUT"
  revision = "2fee6af1a9795aafbe0253a0cfbdf668e1fb8a9a"
  version = "v1.8.0"

[[projects]]
  digest = "1:11c6c696067d3127ecf332b10f89394d386d9083f82baf71f40f2da31841a009"
  name = "github.com/hashicorp/hcl"
  packages = [
    ".",
    "hcl/ast",
    "hcl/parser",
    "hcl/printer",
    "hcl/scanner",
    "hcl/strconv",
    "hcl/token",
    "json/parser",
    "json/scanner",
    "json/token",
  ]
  pruneopts = "NUT"
  revision = "8cb6e5b959231cc1119e43259c4a608f9c51a241"
  version = "v1.0.0"

[[projects]]
  digest = "1:bae86543619941f8240449297b7449a3d81024be4cae5c5528205563fa79c1dc"
  name = "github.com/hellofresh/health-go"
  packages = ["."]
  pruneopts = "NUT"
  revision = "b560df767efa93b7885cd9eace31986a94dcb610"
  version = "v2.1.0"

[[projects]]
  digest = "1:fef4e8ee38c97ec42e1b805a9343c6624e6b53d28759697ffcd2057e1050413e"
  name = "github.com/hellofresh/logging-go"
  packages = ["."]
  pruneopts = "NUT"
  revision = "4912379b996a90083d0c5e63d24bac471f16e342"
  version = "v0.3.0"

[[projects]]
  digest = "1:0c11e987235e8f37af4e9f24cca02754827d009e8b66cf24483b0006504f6045"
  name = "github.com/jmoiron/sqlx"
  packages = [
    ".",
    "reflectx",
  ]
  pruneopts = "NUT"
  revision = "d161d7a76b5661016ad0b085869f77fd410f3e6a"
  version = "v1.2.0"

[[projects]]
  digest = "1:b8870bf2606dca65dc382f4cb8b7a434f17ff36a915451bda12788e9620be368"
  name = "github.com/kelseyhightower/envconfig"
  packages = ["."]
  pruneopts = "NUT"
  revision = "f611eb38b3875cc3bd991ca91c51d06446afa14c"
  version = "v1.3.0"

[[projects]]
  digest = "1:4059c14e87a2de3a434430340521b5feece186c1469eff0834c29a63870de3ed"
  name = "github.com/konsorten/go-windows-terminal-sequences"
  packages = ["."]
  pruneopts = "NUT"
  revision = "5c8c8bd35d3832f5d134ae1e1e375b69a4d25242"
  version = "v1.0.1"

[[projects]]
  digest = "1:d244f8666a838fe6ad70ec8fe77f50ebc29fdc3331a2729ba5886bef8435d10d"
  name = "github.com/magiconair/properties"
  packages = ["."]
  pruneopts = "NUT"
  revision = "c2353362d570a7bfa228149c62842019201cfb71"
  version = "v1.8.0"

[[projects]]
  digest = "1:a45ae66dea4c899d79fceb116accfa1892105c251f0dcd9a217ddc276b42ec68"
  name = "github.com/mitchellh/mapstructure"
  packages = ["."]
  pruneopts = "NUT"
  revision = "3536a929edddb9a5b34bd6861dc4a9647cb459fe"
  version = "v1.1.2"

[[projects]]
  digest = "1:51ea800cff51752ff68e12e04106f5887b4daec6f9356721238c28019f0b42db"
  name = "github.com/pelletier/go-toml"
  packages = ["."]
  pruneopts = "NUT"
  revision = "c01d1270ff3e442a8a57cddc1c92dc1138598194"
  version = "v1.2.0"

[[projects]]
  digest = "1:14715f705ff5dfe0ffd6571d7d201dd8e921030f8070321a79380d8ca4ec1a24"
  name = "github.com/pkg/errors"
  packages = ["."]
  pruneopts = "NUT"
  revision = "ba968bfe8b2f7e042a574c888954fccecfa385b4"
  version = "v0.8.1"

[[projects]]
  digest = "1:0028cb19b2e4c3112225cd871870f2d9cf49b9b4276531f03438a88e94be86fe"
  name = "github.com/pmezard/go-difflib"
  packages = ["difflib"]
  pruneopts = "NUT"
  revision = "792786c7400a136282c1664665ae0a8db921c6c2"
  version = "v1.0.0"

[[projects]]
  digest = "1:7575fbb5d423d4759fb0e5d823a35ada77e4411d51b31267b6347e200b639bdb"
  name = "github.com/sirupsen/logrus"
  packages = [
    ".",
    "hooks/syslog",
  ]
  pruneopts = "NUT"
  revision = "e1e72e9de974bd926e5c56f83753fba2df402ce5"
  version = "v1.3.0"

[[projects]]
  digest = "1:90cf76d709ce9b057e7d75bd245bf7c1242d21ba4f908fb22c7a2a96d1dcc0ca"
  name = "github.com/spf13/afero"
  packages = [
    ".",
    "mem",
  ]
  pruneopts = "NUT"
  revision = "f4711e4db9e9a1d3887343acb72b2bbfc2f686f5"
  version = "v1.2.1"

[[projects]]
  digest = "1:c5e6b121ef3d2043505edaf4c80e5a008cec2513dc8804795eb0479d1555bcf7"
  name = "github.com/spf13/cast"
  packages = ["."]
  pruneopts = "NUT"
  revision = "8c9545af88b134710ab1cd196795e7f2388358d7"
  version = "v1.3.0"

[[projects]]
  digest = "1:f29f83301ed096daed24a90f4af591b7560cb14b9cc3e1827abbf04db7269ab5"
  name = "github.com/spf13/jwalterweatherman"
  packages = ["."]
  pruneopts = "NUT"
  revision = "4a4406e478ca629068e7768fc33f3f044173c0a6"
  version = "v1.0.0"

[[projects]]
  digest = "1:9d8420bbf131d1618bde6530af37c3799340d3762cc47210c1d9532a4c3a2779"
  name = "github.com/spf13/pflag"
  packages = ["."]
  pruneopts = "NUT"
  revision = "298182f68c66c05229eb03ac171abe6e309ee79a"
  version = "v1.0.3"

[[projects]]
  digest = "1:e11ca20a245c80885b5777d7918a2a57d464556f3f1a61be5524e3972eea7ca2"
  name = "github.com/spf13/viper"
  packages = ["."]
  pruneopts = "NUT"
  revision = "6d33b5a963d922d182c91e8a1c88d81fd150cfd4"
  version = "v1.3.1"

[[projects]]
  digest = "1:42e8c2456d7ec0f31e182c20022e74324c4da2cb3bd9069ff9b131fe33466308"
  name = "github.com/stretchr/testify"
  packages = ["assert"]
  pruneopts = "NUT"
  revision = "ffdc059bfe9ce6a4e144ba849dbedead332c6053"
  version = "v1.3.0"

[[projects]]
  digest = "1:5dba68a1600a235630e208cb7196b24e58fcbb77bb7a6bec08fcd23f081b0a58"
  name = "github.com/urfave/cli"
  packages = ["."]
  pruneopts = "NUT"
  revision = "cfb38830724cc34fedffe9a2a29fb54fa9169cd1"
  version = "v1.20.0"

[[projects]]
  branch = "master"
  digest = "1:fde12c4da6237363bf36b81b59aa36a43d28061167ec4acb0d41fc49464e28b9"
  name = "golang.org/x/crypto"
  packages = ["ssh/terminal"]
  pruneopts = "NUT"
  revision = "ffb98f73852f696ea2bb21a617a5c4b3e067a439"

[[projects]]
  branch = "master"
  digest = "1:5a319b3daa32a7134d8797d73c7ad887282e57bdd8791043ec540e5c17360f5e"
  name = "golang.org/x/sys"
  packages = [
    "unix",
    "windows",
  ]
  pruneopts = "NUT"
  revision = "cd391775e71e684db52b63df9affd58269495083"

[[projects]]
  digest = "1:8029e9743749d4be5bc9f7d42ea1659471767860f0cdc34d37c3111bd308a295"
  name = "golang.org/x/text"
  packages = [
    "internal/gen",
    "internal/triegen",
    "internal/ucd",
    "transform",
    "unicode/cldr",
    "unicode/norm",
  ]
  pruneopts = "NUT"
  revision = "f21a4dfb5e38f5895301dc265a8def02365cc3d0"
  version = "v0.3.0"

[[projects]]
  digest = "1:9e2609f8682e069b5d93d25d04988f184326de3e44ab140e95c0e5750e284366"
  name = "gopkg.in/gemnasium/logrus-graylog-hook.v2"
  packages = ["."]
  pruneopts = "NUT"
  revision = "c4a7de647eaaac00ffea599b7773e5e6804fa3b7"
  version = "v2.0.7"

[[projects]]
  digest = "1:18108594151654e9e696b27b181b953f9a90b16bf14d253dd1b397b025a1487f"
  name = "gopkg.in/yaml.v2"
  packages = ["."]
  pruneopts = "NUT"
  revision = "51d6538a90f86fe93ac480b35f37b2be17fef232"
  version = "v2.2.2"

[solve-meta]
  analyzer-name = "dep"
  analyzer-version = 1
  input-imports = [
    "github.com/DATA-DOG/go-sqlmock",
    "github.com/DATA-DOG/godog",
    "github.com/DATA-DOG/godog/colors",
    "github.com/DATA-DOG/godog/gherkin",
    "github.com/go-chi/chi",
    "github.com/go-chi/chi/middleware",
    "github.com/go-chi/render",
    "github.com/hellofresh/health-go",
    "github.com/hellofresh/logging-go",
    "github.com/jmoiron/sqlx",
    "github.com/kelseyhightower/envconfig",
    "github.com/pkg/errors",
    "github.com/sirupsen/logrus",
    "github.com/stretchr/testify/assert",
    "github.com/urfave/cli",
  ]
  solver-name = "gps-cdcl"
  solver-version = 1
